
Microsoft Visual Studio Solution File, Format Version 12.00
# Visual Studio 15
VisualStudioVersion = 15.0.27004.2005
MinimumVisualStudioVersion = 10.0.40219.1
Project("{D954291E-2A0B-460D-934E-DC6B0785DB48}") = "AbsenceApp", "AbsenceApp\AbsenceApp.shproj", "{D2D0B302-2CB1-4DBC-A561-C05FF96B043F}"
EndProject
Project("{FAE04EC0-301F-11D3-BF4B-00C04F79EFBC}") = "AbsenceApp.IOS", "AbsenceApp.IOS\AbsenceApp.IOS.csproj", "{EA090534-C56D-4280-BA3C-67D550F19314}"
EndProject
Project("{FAE04EC0-301F-11D3-BF4B-00C04F79EFBC}") = "AbsenceApp.Droid", "AbsenceApp.Android\AbsenceApp.Droid.csproj", "{0BEC0DF8-4ED1-48A6-936A-4ADD62334DD4}"
EndProject
Global
	GlobalSection(SharedMSBuildProjectFiles) = preSolution
		AbsenceApp\AbsenceApp.projitems*{d2d0b302-2cb1-4dbc-a561-c05ff96b043f}*SharedItemsImports = 13
	EndGlobalSection
	GlobalSection(SolutionConfigurationPlatforms) = preSolution
		Ad-Hoc|Any CPU = Ad-Hoc|Any CPU
		Ad-Hoc|iPhone = Ad-Hoc|iPhone
		Ad-Hoc|iPhoneSimulator = Ad-Hoc|iPhoneSimulator
		AppStore|Any CPU = AppStore|Any CPU
		AppStore|iPhone = AppStore|iPhone
		AppStore|iPhoneSimulator = AppStore|iPhoneSimulator
		Debug|Any CPU = Debug|Any CPU
		Debug|iPhone = Debug|iPhone
		Debug|iPhoneSimulator = Debug|iPhoneSimulator
		Release|Any CPU = Release|Any CPU
		Release|iPhone = Release|iPhone
		Release|iPhoneSimulator = Release|iPhoneSimulator
	EndGlobalSection
	GlobalSection(ProjectConfigurationPlatforms) = postSolution
		{EA090534-C56D-4280-BA3C-67D550F19314}.Ad-Hoc|Any CPU.ActiveCfg = Ad-Hoc|iPhone
		{EA090534-C56D-4280-BA3C-67D550F19314}.Ad-Hoc|iPhone.ActiveCfg = Ad-Hoc|iPhone
		{EA090534-C56D-4280-BA3C-67D550F19314}.Ad-Hoc|iPhone.Build.0 = Ad-Hoc|iPhone
		{EA090534-C56D-4280-BA3C-67D550F19314}.Ad-Hoc|iPhoneSimulator.ActiveCfg = Ad-Hoc|iPhoneSimulator
		{EA090534-C56D-4280-BA3C-67D550F19314}.Ad-Hoc|iPhoneSimulator.Build.0 = Ad-Hoc|iPhoneSimulator
		{EA090534-C56D-4280-BA3C-67D550F19314}.AppStore|Any CPU.ActiveCfg = AppStore|iPhone
		{EA090534-C56D-4280-BA3C-67D550F19314}.AppStore|iPhone.ActiveCfg = AppStore|iPhone
		{EA090534-C56D-4280-BA3C-67D550F19314}.AppStore|iPhone.Build.0 = AppStore|iPhone
		{EA090534-C56D-4280-BA3C-67D550F19314}.AppStore|iPhoneSimulator.ActiveCfg = AppStore|iPhoneSimulator
		{EA090534-C56D-4280-BA3C-67D550F19314}.AppStore|iPhoneSimulator.Build.0 = AppStore|iPhoneSimulator
		{EA090534-C56D-4280-BA3C-67D550F19314}.Debug|Any CPU.ActiveCfg = Debug|iPhone
		{EA090534-C56D-4280-BA3C-67D550F19314}.Debug|iPhone.ActiveCfg = Debug|iPhone
		{EA090534-C56D-4280-BA3C-67D550F19314}.Debug|iPhone.Build.0 = Debug|iPhone
		{EA090534-C56D-4280-BA3C-67D550F19314}.Debug|iPhoneSimulator.ActiveCfg = Debug|iPhoneSimulator
		{EA090534-C56D-4280-BA3C-67D550F19314}.Debug|iPhoneSimulator.Build.0 = Debug|iPhoneSimulator
		{EA090534-C56D-4280-BA3C-67D550F19314}.Release|Any CPU.ActiveCfg = Release|iPhone
		{EA090534-C56D-4280-BA3C-67D550F19314}.Release|iPhone.ActiveCfg = Release|iPhone
		{EA090534-C56D-4280-BA3C-67D550F19314}.Release|iPhone.Build.0 = Release|iPhone
		{EA090534-C56D-4280-BA3C-67D550F19314}.Release|iPhoneSimulator.ActiveCfg = Release|iPhoneSimulator
		{EA090534-C56D-4280-BA3C-67D550F19314}.Release|iPhoneSimulator.Build.0 = Release|iPhoneSimulator
		{0BEC0DF8-4ED1-48A6-936A-4ADD62334DD4}.Ad-Hoc|Any CPU.ActiveCfg = Release|Any CPU
		{0BEC0DF8-4ED1-48A6-936A-4ADD62334DD4}.Ad-Hoc|Any CPU.Build.0 = Release|Any CPU
		{0BEC0DF8-4ED1-48A6-936A-4ADD62334DD4}.Ad-Hoc|Any CPU.Deploy.0 = Release|Any CPU
		{0BEC0DF8-4ED1-48A6-936A-4ADD62334DD4}.Ad-Hoc|iPhone.ActiveCfg = Release|Any CPU
		{0BEC0DF8-4ED1-48A6-936A-4ADD62334DD4}.Ad-Hoc|iPhone.Build.0 = Release|Any CPU
		{0BEC0DF8-4ED1-48A6-936A-4ADD62334DD4}.Ad-Hoc|iPhone.Deploy.0 = Release|Any CPU
		{0BEC0DF8-4ED1-48A6-936A-4ADD62334DD4}.Ad-Hoc|iPhoneSimulator.ActiveCfg = Release|Any CPU
		{0BEC0DF8-4ED1-48A6-936A-4ADD62334DD4}.Ad-Hoc|iPhoneSimulator.Build.0 = Release|Any CPU
		{0BEC0DF8-4ED1-48A6-936A-4ADD62334DD4}.Ad-Hoc|iPhoneSimulator.Deploy.0 = Release|Any CPU
		{0BEC0DF8-4ED1-48A6-936A-4ADD62334DD4}.AppStore|Any CPU.ActiveCfg = Release|Any CPU
		{0BEC0DF8-4ED1-48A6-936A-4ADD62334DD4}.AppStore|Any CPU.Build.0 = Release|Any CPU
		{0BEC0DF8-4ED1-48A6-936A-4ADD62334DD4}.AppStore|Any CPU.Deploy.0 = Release|Any CPU
		{0BEC0DF8-4ED1-48A6-936A-4ADD62334DD4}.AppStore|iPhone.ActiveCfg = Release|Any CPU
		{0BEC0DF8-4ED1-48A6-936A-4ADD62334DD4}.AppStore|iPhone.Build.0 = Release|Any CPU
		{0BEC0DF8-4ED1-48A6-936A-4ADD62334DD4}.AppStore|iPhone.Deploy.0 = Release|Any CPU
		{0BEC0DF8-4ED1-48A6-936A-4ADD62334DD4}.AppStore|iPhoneSimulator.ActiveCfg = Release|Any CPU
		{0BEC0DF8-4ED1-48A6-936A-4ADD62334DD4}.AppStore|iPhoneSimulator.Build.0 = Release|Any CPU
		{0BEC0DF8-4ED1-48A6-936A-4ADD62334DD4}.AppStore|iPhoneSimulator.Deploy.0 = Release|Any CPU
		{0BEC0DF8-4ED1-48A6-936A-4ADD62334DD4}.Debug|Any CPU.ActiveCfg = Debug|Any CPU
		{0BEC0DF8-4ED1-48A6-936A-4ADD62334DD4}.Debug|Any CPU.Build.0 = Debug|Any CPU
		{0BEC0DF8-4ED1-48A6-936A-4ADD62334DD4}.Debug|Any CPU.Deploy.0 = Debug|Any CPU
		{0BEC0DF8-4ED1-48A6-936A-4ADD62334DD4}.Debug|iPhone.ActiveCfg = Debug|Any CPU
		{0BEC0DF8-4ED1-48A6-936A-4ADD62334DD4}.Debug|iPhone.Build.0 = Debug|Any CPU
		{0BEC0DF8-4ED1-48A6-936A-4ADD62334DD4}.Debug|iPhone.Deploy.0 = Debug|Any CPU
		{0BEC0DF8-4ED1-48A6-936A-4ADD62334DD4}.Debug|iPhoneSimulator.ActiveCfg = Debug|Any CPU
		{0BEC0DF8-4ED1-48A6-936A-4ADD62334DD4}.Debug|iPhoneSimulator.Build.0 = Debug|Any CPU
		{0BEC0DF8-4ED1-48A6-936A-4ADD62334DD4}.Debug|iPhoneSimulator.Deploy.0 = Debug|Any CPU
		{0BEC0DF8-4ED1-48A6-936A-4ADD62334DD4}.Release|Any CPU.ActiveCfg = Release|Any CPU
		{0BEC0DF8-4ED1-48A6-936A-4ADD62334DD4}.Release|Any CPU.Build.0 = Release|Any CPU
		{0BEC0DF8-4ED1-48A6-936A-4ADD62334DD4}.Release|Any CPU.Deploy.0 = Release|Any CPU
		{0BEC0DF8-4ED1-48A6-936A-4ADD62334DD4}.Release|iPhone.ActiveCfg = Release|Any CPU
		{0BEC0DF8-4ED1-48A6-936A-4ADD62334DD4}.Release|iPhone.Build.0 = Release|Any CPU
		{0BEC0DF8-4ED1-48A6-936A-4ADD62334DD4}.Release|iPhone.Deploy.0 = Release|Any CPU
		{0BEC0DF8-4ED1-48A6-936A-4ADD62334DD4}.Release|iPhoneSimulator.ActiveCfg = Release|Any CPU
		{0BEC0DF8-4ED1-48A6-936A-4ADD62334DD4}.Release|iPhoneSimulator.Build.0 = Release|Any CPU
		{0BEC0DF8-4ED1-48A6-936A-4ADD62334DD4}.Release|iPhoneSimulator.Deploy.0 = Release|Any CPU
	EndGlobalSection
	GlobalSection(SolutionProperties) = preSolution
		HideSolutionNode = FALSE
	EndGlobalSection
	GlobalSection(ExtensibilityGlobals) = postSolution
		SolutionGuid = {07128B15-0C1A-4DAB-87D4-BE82BCBCCFD9}
	EndGlobalSection
EndGlobal
